
Microsoft Visual Studio Solution File, Format Version 12.00
# Visual Studio 15
VisualStudioVersion = 15.0.27428.2005
MinimumVisualStudioVersion = 10.0.40219.1
Project("{F184B08F-C81C-45F6-A57F-5ABD9991F28F}") = "DBMT", "DBMT\DBMT.vbproj", "{9225D68B-DFBF-4D8C-8B31-7F9F7DC9E1CD}"
EndProject
Global
	GlobalSection(SolutionConfigurationPlatforms) = preSolution
		Debug|Any CPU = Debug|Any CPU
		Release|Any CPU = Release|Any CPU
	EndGlobalSection
	GlobalSection(ProjectConfigurationPlatforms) = postSolution
		{9225D68B-DFBF-4D8C-8B31-7F9F7DC9E1CD}.Debug|Any CPU.ActiveCfg = Debug|Any CPU
		{9225D68B-DFBF-4D8C-8B31-7F9F7DC9E1CD}.Debug|Any CPU.Build.0 = Debug|Any CPU
		{9225D68B-DFBF-4D8C-8B31-7F9F7DC9E1CD}.Release|Any CPU.ActiveCfg = Release|Any CPU
		{9225D68B-DFBF-4D8C-8B31-7F9F7DC9E1CD}.Release|Any CPU.Build.0 = Release|Any CPU
	EndGlobalSection
	GlobalSection(SolutionProperties) = preSolution
		HideSolutionNode = FALSE
	EndGlobalSection
	GlobalSection(ExtensibilityGlobals) = postSolution
		SolutionGuid = {4C4F4C09-B075-4F99-83EF-391CD3EE6B1F}
	EndGlobalSection
EndGlobal
